
Microsoft Visual Studio Solution File, Format Version 12.00
# Visual Studio 15
VisualStudioVersion = 15.0.28307.572
MinimumVisualStudioVersion = 10.0.40219.1
Project("{8BC9CEB8-8B4A-11D0-8D11-00A0C91BC942}") = "mysqlx", "mysqlx.vcxproj", "{62AC4C36-F1CD-4B12-BD80-C1F80DDD8FB9}"
EndProject
Global
	GlobalSection(SolutionConfigurationPlatforms) = preSolution
		Debug|x64 = Debug|x64
		Debug|x86 = Debug|x86
		Release|x64 = Release|x64
		Release|x86 = Release|x86
	EndGlobalSection
	GlobalSection(ProjectConfigurationPlatforms) = postSolution
		{62AC4C36-F1CD-4B12-BD80-C1F80DDD8FB9}.Debug|x64.ActiveCfg = Debug|x64
		{62AC4C36-F1CD-4B12-BD80-C1F80DDD8FB9}.Debug|x64.Build.0 = Debug|x64
		{62AC4C36-F1CD-4B12-BD80-C1F80DDD8FB9}.Debug|x86.ActiveCfg = Debug|Win32
		{62AC4C36-F1CD-4B12-BD80-C1F80DDD8FB9}.Debug|x86.Build.0 = Debug|Win32
		{62AC4C36-F1CD-4B12-BD80-C1F80DDD8FB9}.Release|x64.ActiveCfg = Release|x64
		{62AC4C36-F1CD-4B12-BD80-C1F80DDD8FB9}.Release|x64.Build.0 = Release|x64
		{62AC4C36-F1CD-4B12-BD80-C1F80DDD8FB9}.Release|x86.ActiveCfg = Release|Win32
		{62AC4C36-F1CD-4B12-BD80-C1F80DDD8FB9}.Release|x86.Build.0 = Release|Win32
	EndGlobalSection
	GlobalSection(SolutionProperties) = preSolution
		HideSolutionNode = FALSE
	EndGlobalSection
	GlobalSection(ExtensibilityGlobals) = postSolution
		SolutionGuid = {F679CF1F-0E01-4B72-9348-9D7AB7D525D7}
	EndGlobalSection
EndGlobal
